{
  "name": "ubirch-verification-pages",
  "version": "1.0.0",
  "lockfileVersion": 1,
  "requires": true,
  "dependencies": {
    "@babel/runtime": {
      "version": "7.14.0",
      "resolved": "https://registry.npmjs.org/@babel/runtime/-/runtime-7.14.0.tgz",
      "integrity": "sha512-JELkvo/DlpNdJ7dlyw/eY7E0suy5i5GQH+Vlxaq1nsNJ+H7f4Vtv3jMeCEgRhZZQFXTjldYfQgv2qmM6M1v5wA==",
      "requires": {
        "regenerator-runtime": "^0.13.4"
      }
    },
    "@ubirch/ubirch-verification-js": {
      "version": "1.0.3",
      "resolved": "https://registry.npmjs.org/@ubirch/ubirch-verification-js/-/ubirch-verification-js-1.0.3.tgz",
      "integrity": "sha512-CRErpn02gDeR5pjDd0S9t9RS6K2SD9ZmQOu5dMKyMPomMQbpbW5r85PlISW7IQeLMkWAexTExoUytT3UUxb00g==",
      "requires": {
        "i18next": "^20.2.1",
        "js-sha256": "^0.9.0",
        "js-sha512": "^0.8.0",
        "rxjs": "^6.6.6"
      }
    },
    "i18next": {
      "version": "20.2.2",
      "resolved": "https://registry.npmjs.org/i18next/-/i18next-20.2.2.tgz",
      "integrity": "sha512-uWCv9LzKpe+OwvnKKrb8CbJwgAhasQofD58cB0PQ6bTPXEl5PlItl5C4esmY8HtriLu9nrjc2Hi0IfYv3Fy8BQ==",
      "requires": {
        "@babel/runtime": "^7.12.0"
      }
    },
    "js-sha256": {
      "version": "0.9.0",
      "resolved": "https://registry.npmjs.org/js-sha256/-/js-sha256-0.9.0.tgz",
      "integrity": "sha512-sga3MHh9sgQN2+pJ9VYZ+1LPwXOxuBJBA5nrR5/ofPfuiJBE2hnjsaN8se8JznOmGLN2p49Pe5U/ttafcs/apA=="
    },
    "js-sha512": {
      "version": "0.8.0",
      "resolved": "https://registry.npmjs.org/js-sha512/-/js-sha512-0.8.0.tgz",
      "integrity": "sha512-PWsmefG6Jkodqt+ePTvBZCSMFgN7Clckjd0O7su3I0+BW2QWUTJNzjktHsztGLhncP2h8mcF9V9Y2Ha59pAViQ=="
    },
    "regenerator-runtime": {
      "version": "0.13.7",
      "resolved": "https://registry.npmjs.org/regenerator-runtime/-/regenerator-runtime-0.13.7.tgz",
      "integrity": "sha512-a54FxoJDIr27pgf7IgeQGxmqUNYrcV338lf/6gH456HZ/PhX+5BcwHXG9ajESmwe6WRO0tAzRUrRmNONWgkrew=="
    },
    "rxjs": {
      "version": "6.6.7",
      "resolved": "https://registry.npmjs.org/rxjs/-/rxjs-6.6.7.tgz",
      "integrity": "sha512-hTdwr+7yYNIT5n4AMYp85KA6yw2Va0FLa3Rguvbpa4W3I5xynaBZo41cM3XM+4Q6fRMj3sBYIR1VAmZMXYJvRQ==",
      "requires": {
        "tslib": "^1.9.0"
      }
    },
    "tslib": {
      "version": "1.14.1",
      "resolved": "https://registry.npmjs.org/tslib/-/tslib-1.14.1.tgz",
      "integrity": "sha512-Xni35NKzjgMrwevysHTCArtLDpPvye8zV/0E4EyYn43P7/7qvQwPh9BGkHewbMulVntbigmcT7rdX3BNo9wRJg=="
    }
  }
}
